
Microsoft Visual Studio Solution File, Format Version 12.00
# Visual Studio 15
VisualStudioVersion = 15.0.28010.2050
MinimumVisualStudioVersion = 10.0.40219.1
Project("{FAE04EC0-301F-11D3-BF4B-00C04F79EFBC}") = "LibraryServer", "LibraryServer\LibraryServer.csproj", "{63E583F6-5DE6-4788-8D0B-6410F5225F22}"
EndProject
Project("{FAE04EC0-301F-11D3-BF4B-00C04F79EFBC}") = "IRemote", "ClassLibrary1\IRemote.csproj", "{F3E01E62-CCEB-4FEA-B91B-530C29CA44C3}"
EndProject
Project("{FAE04EC0-301F-11D3-BF4B-00C04F79EFBC}") = "ClientLibrarian", "ClientLibrarian\ClientLibrarian.csproj", "{1AB204E6-4C4F-4AC2-A51F-B377A25EE6AE}"
EndProject
Global
	GlobalSection(SolutionConfigurationPlatforms) = preSolution
		Debug|Any CPU = Debug|Any CPU
		Release|Any CPU = Release|Any CPU
	EndGlobalSection
	GlobalSection(ProjectConfigurationPlatforms) = postSolution
		{63E583F6-5DE6-4788-8D0B-6410F5225F22}.Debug|Any CPU.ActiveCfg = Debug|Any CPU
		{63E583F6-5DE6-4788-8D0B-6410F5225F22}.Debug|Any CPU.Build.0 = Debug|Any CPU
		{63E583F6-5DE6-4788-8D0B-6410F5225F22}.Release|Any CPU.ActiveCfg = Release|Any CPU
		{63E583F6-5DE6-4788-8D0B-6410F5225F22}.Release|Any CPU.Build.0 = Release|Any CPU
		{F3E01E62-CCEB-4FEA-B91B-530C29CA44C3}.Debug|Any CPU.ActiveCfg = Debug|Any CPU
		{F3E01E62-CCEB-4FEA-B91B-530C29CA44C3}.Debug|Any CPU.Build.0 = Debug|Any CPU
		{F3E01E62-CCEB-4FEA-B91B-530C29CA44C3}.Release|Any CPU.ActiveCfg = Release|Any CPU
		{F3E01E62-CCEB-4FEA-B91B-530C29CA44C3}.Release|Any CPU.Build.0 = Release|Any CPU
		{1AB204E6-4C4F-4AC2-A51F-B377A25EE6AE}.Debug|Any CPU.ActiveCfg = Debug|Any CPU
		{1AB204E6-4C4F-4AC2-A51F-B377A25EE6AE}.Debug|Any CPU.Build.0 = Debug|Any CPU
		{1AB204E6-4C4F-4AC2-A51F-B377A25EE6AE}.Release|Any CPU.ActiveCfg = Release|Any CPU
		{1AB204E6-4C4F-4AC2-A51F-B377A25EE6AE}.Release|Any CPU.Build.0 = Release|Any CPU
	EndGlobalSection
	GlobalSection(SolutionProperties) = preSolution
		HideSolutionNode = FALSE
	EndGlobalSection
	GlobalSection(ExtensibilityGlobals) = postSolution
		SolutionGuid = {ED62934A-5672-4462-8221-FEE18744FB30}
	EndGlobalSection
EndGlobal
